{
  "name": "ifmt",
  "version": "1.0.0",
  "lockfileVersion": 3,
  "requires": true,
  "packages": {
    "": {
      "name": "ifmt",
      "version": "1.0.0",
      "license": "ISC",
      "dependencies": {
        "@techstark/opencv-js": "^4.10.0-release.1",
        "jsfeat": "^0.0.8"
      }
    },
    "node_modules/@techstark/opencv-js": {
      "version": "4.10.0-release.1",
      "resolved": "https://registry.npmjs.org/@techstark/opencv-js/-/opencv-js-4.10.0-release.1.tgz",
      "integrity": "sha512-S4XELidRiQeA0q1s9VQLo540wCxUo24r1O4C+LqZ6llX+sPCXvZCPv3Ice8dEIr0uavyZ8YZeKXSBdDgMXSXjw=="
    },
    "node_modules/jsfeat": {
      "version": "0.0.8",
      "resolved": "https://registry.npmjs.org/jsfeat/-/jsfeat-0.0.8.tgz",
      "integrity": "sha512-wG2Rzv9ywe2KGnX+N8VJtFO0srwyZaRmV8cBjsE52PCNdNJk8nVGtiK9HQ5wZZ5fUxk3wVPqV3zr8KxQjulR3w=="
    }
  }
}
